
Microsoft Visual Studio Solution File, Format Version 12.00
# Visual Studio Version 17
VisualStudioVersion = 17.9.34728.123
MinimumVisualStudioVersion = 10.0.40219.1
Project("{8BC9CEB8-8B4A-11D0-8D11-00A0C91BC942}") = "Raytracer", "Raytracer.vcxproj", "{415DFCA7-4818-42AA-A46B-7EFEBC1DA280}"
EndProject
Global
	GlobalSection(SolutionConfigurationPlatforms) = preSolution
		Debug|Win32 = Debug|Win32
		Debug|x64 = Debug|x64
		Release|Win32 = Release|Win32
		Release|x64 = Release|x64
		Release-Ultra|Win32 = Release-Ultra|Win32
		Release-Ultra|x64 = Release-Ultra|x64
	EndGlobalSection
	GlobalSection(ProjectConfigurationPlatforms) = postSolution
		{415DFCA7-4818-42AA-A46B-7EFEBC1DA280}.Debug|Win32.ActiveCfg = Debug|Win32
		{415DFCA7-4818-42AA-A46B-7EFEBC1DA280}.Debug|Win32.Build.0 = Debug|Win32
		{415DFCA7-4818-42AA-A46B-7EFEBC1DA280}.Debug|x64.ActiveCfg = Debug|x64
		{415DFCA7-4818-42AA-A46B-7EFEBC1DA280}.Debug|x64.Build.0 = Debug|x64
		{415DFCA7-4818-42AA-A46B-7EFEBC1DA280}.Release|Win32.ActiveCfg = Release|Win32
		{415DFCA7-4818-42AA-A46B-7EFEBC1DA280}.Release|Win32.Build.0 = Release|Win32
		{415DFCA7-4818-42AA-A46B-7EFEBC1DA280}.Release|x64.ActiveCfg = Release|x64
		{415DFCA7-4818-42AA-A46B-7EFEBC1DA280}.Release|x64.Build.0 = Release|x64
		{415DFCA7-4818-42AA-A46B-7EFEBC1DA280}.Release-Ultra|Win32.ActiveCfg = Release-Ultra|Win32
		{415DFCA7-4818-42AA-A46B-7EFEBC1DA280}.Release-Ultra|Win32.Build.0 = Release-Ultra|Win32
		{415DFCA7-4818-42AA-A46B-7EFEBC1DA280}.Release-Ultra|x64.ActiveCfg = Release-Ultra|x64
		{415DFCA7-4818-42AA-A46B-7EFEBC1DA280}.Release-Ultra|x64.Build.0 = Release-Ultra|x64
	EndGlobalSection
	GlobalSection(SolutionProperties) = preSolution
		HideSolutionNode = FALSE
	EndGlobalSection
EndGlobal
